// !$*UTF8*$!
{
	archiveVersion = 1;
	classes = {
	};
	objectVersion = 56;
	objects = {

/* Begin PBXBuildFile section */
		621C970D2B26563800073292 /* AppDelegate.swift in Sources */ = {isa = PBXBuildFile; fileRef = 621C970C2B26563800073292 /* AppDelegate.swift */; };
		621C970F2B26563800073292 /* SceneDelegate.swift in Sources */ = {isa = PBXBuildFile; fileRef = 621C970E2B26563800073292 /* SceneDelegate.swift */; };
		621C97162B26563A00073292 /* Assets.xcassets in Resources */ = {isa = PBXBuildFile; fileRef = 621C97152B26563A00073292 /* Assets.xcassets */; };
		621C97192B26563A00073292 /* LaunchScreen.storyboard in Resources */ = {isa = PBXBuildFile; fileRef = 621C97172B26563A00073292 /* LaunchScreen.storyboard */; };
		621C97252B265B5200073292 /* SearchViewController.swift in Sources */ = {isa = PBXBuildFile; fileRef = 621C97242B265B5200073292 /* SearchViewController.swift */; };
		621C97272B265B5800073292 /* SearchView.swift in Sources */ = {isa = PBXBuildFile; fileRef = 621C97262B265B5800073292 /* SearchView.swift */; };
		621C97292B265B6100073292 /* SearchViewModel.swift in Sources */ = {isa = PBXBuildFile; fileRef = 621C97282B265B6100073292 /* SearchViewModel.swift */; };
		621C972C2B266BD000073292 /* Coordinator.swift in Sources */ = {isa = PBXBuildFile; fileRef = 621C972B2B266BD000073292 /* Coordinator.swift */; };
		621C972E2B27BC2E00073292 /* Localizable.xcstrings in Resources */ = {isa = PBXBuildFile; fileRef = 621C972D2B27BC2E00073292 /* Localizable.xcstrings */; };
		621C97312B27BC8200073292 /* String+Localizable.swift in Sources */ = {isa = PBXBuildFile; fileRef = 621C97302B27BC8200073292 /* String+Localizable.swift */; };
		621C97372B28EE4D00073292 /* MoyaProvider+Init.swift in Sources */ = {isa = PBXBuildFile; fileRef = 621C97362B28EE4D00073292 /* MoyaProvider+Init.swift */; };
		621C97392B28F11900073292 /* AccuWeatherService.swift in Sources */ = {isa = PBXBuildFile; fileRef = 621C97382B28F11900073292 /* AccuWeatherService.swift */; };
		621C973D2B28F38F00073292 /* AccuWeatherAPI.swift in Sources */ = {isa = PBXBuildFile; fileRef = 621C973C2B28F38F00073292 /* AccuWeatherAPI.swift */; };
		621C973F2B28F67800073292 /* AccuWeatherEnvironment.swift in Sources */ = {isa = PBXBuildFile; fileRef = 621C973E2B28F67800073292 /* AccuWeatherEnvironment.swift */; };
		621C97412B28F98900073292 /* SearchModel.swift in Sources */ = {isa = PBXBuildFile; fileRef = 621C97402B28F98900073292 /* SearchModel.swift */; };
		621C97492B29014300073292 /* AccuWeatherDomainManager.swift in Sources */ = {isa = PBXBuildFile; fileRef = 621C97482B29014300073292 /* AccuWeatherDomainManager.swift */; };
		621C974B2B29050A00073292 /* City.swift in Sources */ = {isa = PBXBuildFile; fileRef = 621C974A2B29050A00073292 /* City.swift */; };
		621C974D2B2909C100073292 /* CityTableViewCell.swift in Sources */ = {isa = PBXBuildFile; fileRef = 621C974C2B2909C100073292 /* CityTableViewCell.swift */; };
		621C97502B2A42C000073292 /* CityDetails.swift in Sources */ = {isa = PBXBuildFile; fileRef = 621C974F2B2A42C000073292 /* CityDetails.swift */; };
		621C97522B2A486B00073292 /* DetailsView.swift in Sources */ = {isa = PBXBuildFile; fileRef = 621C97512B2A486B00073292 /* DetailsView.swift */; };
		621C97542B2A487800073292 /* DetailsViewController.swift in Sources */ = {isa = PBXBuildFile; fileRef = 621C97532B2A487800073292 /* DetailsViewController.swift */; };
		621C97562B2A488100073292 /* DetailsViewModel.swift in Sources */ = {isa = PBXBuildFile; fileRef = 621C97552B2A488100073292 /* DetailsViewModel.swift */; };
		621C97582B2A636800073292 /* Double+Temperature.swift in Sources */ = {isa = PBXBuildFile; fileRef = 621C97572B2A636800073292 /* Double+Temperature.swift */; };
		621C975A2B2A67ED00073292 /* String+Validation.swift in Sources */ = {isa = PBXBuildFile; fileRef = 621C97592B2A67ED00073292 /* String+Validation.swift */; };
		988942953795CC4866575145 /* Pods_Empik_Weather.framework in Frameworks */ = {isa = PBXBuildFile; fileRef = CC138BCD4D18B62D925C8C8C /* Pods_Empik_Weather.framework */; };
/* End PBXBuildFile section */

/* Begin PBXFileReference section */
		621C97092B26563800073292 /* Empik Weather.app */ = {isa = PBXFileReference; explicitFileType = wrapper.application; includeInIndex = 0; path = "Empik Weather.app"; sourceTree = BUILT_PRODUCTS_DIR; };
		621C970C2B26563800073292 /* AppDelegate.swift */ = {isa = PBXFileReference; lastKnownFileType = sourcecode.swift; path = AppDelegate.swift; sourceTree = "<group>"; };
		621C970E2B26563800073292 /* SceneDelegate.swift */ = {isa = PBXFileReference; lastKnownFileType = sourcecode.swift; path = SceneDelegate.swift; sourceTree = "<group>"; };
		621C97152B26563A00073292 /* Assets.xcassets */ = {isa = PBXFileReference; lastKnownFileType = folder.assetcatalog; path = Assets.xcassets; sourceTree = "<group>"; };
		621C97182B26563A00073292 /* Base */ = {isa = PBXFileReference; lastKnownFileType = file.storyboard; name = Base; path = Base.lproj/LaunchScreen.storyboard; sourceTree = "<group>"; };
		621C971A2B26563A00073292 /* Info.plist */ = {isa = PBXFileReference; lastKnownFileType = text.plist.xml; path = Info.plist; sourceTree = "<group>"; };
		621C97242B265B5200073292 /* SearchViewController.swift */ = {isa = PBXFileReference; lastKnownFileType = sourcecode.swift; path = SearchViewController.swift; sourceTree = "<group>"; };
		621C97262B265B5800073292 /* SearchView.swift */ = {isa = PBXFileReference; lastKnownFileType = sourcecode.swift; path = SearchView.swift; sourceTree = "<group>"; };
		621C97282B265B6100073292 /* SearchViewModel.swift */ = {isa = PBXFileReference; lastKnownFileType = sourcecode.swift; path = SearchViewModel.swift; sourceTree = "<group>"; };
		621C972B2B266BD000073292 /* Coordinator.swift */ = {isa = PBXFileReference; lastKnownFileType = sourcecode.swift; path = Coordinator.swift; sourceTree = "<group>"; };
		621C972D2B27BC2E00073292 /* Localizable.xcstrings */ = {isa = PBXFileReference; lastKnownFileType = text.json.xcstrings; path = Localizable.xcstrings; sourceTree = "<group>"; };
		621C97302B27BC8200073292 /* String+Localizable.swift */ = {isa = PBXFileReference; lastKnownFileType = sourcecode.swift; path = "String+Localizable.swift"; sourceTree = "<group>"; };
		621C97362B28EE4D00073292 /* MoyaProvider+Init.swift */ = {isa = PBXFileReference; lastKnownFileType = sourcecode.swift; path = "MoyaProvider+Init.swift"; sourceTree = "<group>"; };
		621C97382B28F11900073292 /* AccuWeatherService.swift */ = {isa = PBXFileReference; lastKnownFileType = sourcecode.swift; path = AccuWeatherService.swift; sourceTree = "<group>"; };
		621C973C2B28F38F00073292 /* AccuWeatherAPI.swift */ = {isa = PBXFileReference; lastKnownFileType = sourcecode.swift; path = AccuWeatherAPI.swift; sourceTree = "<group>"; };
		621C973E2B28F67800073292 /* AccuWeatherEnvironment.swift */ = {isa = PBXFileReference; lastKnownFileType = sourcecode.swift; path = AccuWeatherEnvironment.swift; sourceTree = "<group>"; };
		621C97402B28F98900073292 /* SearchModel.swift */ = {isa = PBXFileReference; lastKnownFileType = sourcecode.swift; path = SearchModel.swift; sourceTree = "<group>"; };
		621C97482B29014300073292 /* AccuWeatherDomainManager.swift */ = {isa = PBXFileReference; lastKnownFileType = sourcecode.swift; path = AccuWeatherDomainManager.swift; sourceTree = "<group>"; };
		621C974A2B29050A00073292 /* City.swift */ = {isa = PBXFileReference; lastKnownFileType = sourcecode.swift; path = City.swift; sourceTree = "<group>"; };
		621C974C2B2909C100073292 /* CityTableViewCell.swift */ = {isa = PBXFileReference; lastKnownFileType = sourcecode.swift; path = CityTableViewCell.swift; sourceTree = "<group>"; };
		621C974F2B2A42C000073292 /* CityDetails.swift */ = {isa = PBXFileReference; lastKnownFileType = sourcecode.swift; path = CityDetails.swift; sourceTree = "<group>"; };
		621C97512B2A486B00073292 /* DetailsView.swift */ = {isa = PBXFileReference; lastKnownFileType = sourcecode.swift; path = DetailsView.swift; sourceTree = "<group>"; };
		621C97532B2A487800073292 /* DetailsViewController.swift */ = {isa = PBXFileReference; lastKnownFileType = sourcecode.swift; path = DetailsViewController.swift; sourceTree = "<group>"; };
		621C97552B2A488100073292 /* DetailsViewModel.swift */ = {isa = PBXFileReference; lastKnownFileType = sourcecode.swift; path = DetailsViewModel.swift; sourceTree = "<group>"; };
		621C97572B2A636800073292 /* Double+Temperature.swift */ = {isa = PBXFileReference; lastKnownFileType = sourcecode.swift; path = "Double+Temperature.swift"; sourceTree = "<group>"; };
		621C97592B2A67ED00073292 /* String+Validation.swift */ = {isa = PBXFileReference; lastKnownFileType = sourcecode.swift; path = "String+Validation.swift"; sourceTree = "<group>"; };
		B348DB8AEACD06B3E8304FC4 /* Pods-Empik Weather.release.xcconfig */ = {isa = PBXFileReference; includeInIndex = 1; lastKnownFileType = text.xcconfig; name = "Pods-Empik Weather.release.xcconfig"; path = "Target Support Files/Pods-Empik Weather/Pods-Empik Weather.release.xcconfig"; sourceTree = "<group>"; };
		CC138BCD4D18B62D925C8C8C /* Pods_Empik_Weather.framework */ = {isa = PBXFileReference; explicitFileType = wrapper.framework; includeInIndex = 0; path = Pods_Empik_Weather.framework; sourceTree = BUILT_PRODUCTS_DIR; };
		EAF187CB648B6DDEEBF63285 /* Pods-Empik Weather.debug.xcconfig */ = {isa = PBXFileReference; includeInIndex = 1; lastKnownFileType = text.xcconfig; name = "Pods-Empik Weather.debug.xcconfig"; path = "Target Support Files/Pods-Empik Weather/Pods-Empik Weather.debug.xcconfig"; sourceTree = "<group>"; };
/* End PBXFileReference section */

/* Begin PBXFrameworksBuildPhase section */
		621C97062B26563800073292 /* Frameworks */ = {
			isa = PBXFrameworksBuildPhase;
			buildActionMask = 2147483647;
			files = (
				988942953795CC4866575145 /* Pods_Empik_Weather.framework in Frameworks */,
			);
			runOnlyForDeploymentPostprocessing = 0;
		};
/* End PBXFrameworksBuildPhase section */

/* Begin PBXGroup section */
		3C1CC7381BA7F635E95D45D4 /* Frameworks */ = {
			isa = PBXGroup;
			children = (
				CC138BCD4D18B62D925C8C8C /* Pods_Empik_Weather.framework */,
			);
			name = Frameworks;
			sourceTree = "<group>";
		};
		621C97002B26563800073292 = {
			isa = PBXGroup;
			children = (
				621C970B2B26563800073292 /* Empik Weather */,
				621C970A2B26563800073292 /* Products */,
				A574575CD4813497947C7AD1 /* Pods */,
				3C1CC7381BA7F635E95D45D4 /* Frameworks */,
			);
			sourceTree = "<group>";
		};
		621C970A2B26563800073292 /* Products */ = {
			isa = PBXGroup;
			children = (
				621C97092B26563800073292 /* Empik Weather.app */,
			);
			name = Products;
			sourceTree = "<group>";
		};
		621C970B2B26563800073292 /* Empik Weather */ = {
			isa = PBXGroup;
			children = (
				621C972A2B266BC600073292 /* Default */,
				621C972F2B27BC7100073292 /* Extension */,
				621C97472B29013300073292 /* Domain */,
				621C97352B27C4AD00073292 /* Networking */,
				621C97342B27C3F200073292 /* Presentation */,
				621C971A2B26563A00073292 /* Info.plist */,
			);
			path = "Empik Weather";
			sourceTree = "<group>";
		};
		621C97212B2659D000073292 /* SearchScreen */ = {
			isa = PBXGroup;
			children = (
				621C974E2B2909C400073292 /* Subviews */,
				621C97262B265B5800073292 /* SearchView.swift */,
				621C97242B265B5200073292 /* SearchViewController.swift */,
				621C97282B265B6100073292 /* SearchViewModel.swift */,
			);
			path = SearchScreen;
			sourceTree = "<group>";
		};
		621C97222B2659DD00073292 /* DetailsScreen */ = {
			isa = PBXGroup;
			children = (
				621C97512B2A486B00073292 /* DetailsView.swift */,
				621C97532B2A487800073292 /* DetailsViewController.swift */,
				621C97552B2A488100073292 /* DetailsViewModel.swift */,
			);
			path = DetailsScreen;
			sourceTree = "<group>";
		};
		621C972A2B266BC600073292 /* Default */ = {
			isa = PBXGroup;
			children = (
				621C970C2B26563800073292 /* AppDelegate.swift */,
				621C972B2B266BD000073292 /* Coordinator.swift */,
				621C970E2B26563800073292 /* SceneDelegate.swift */,
				621C97172B26563A00073292 /* LaunchScreen.storyboard */,
				621C972D2B27BC2E00073292 /* Localizable.xcstrings */,
				621C97152B26563A00073292 /* Assets.xcassets */,
			);
			path = Default;
			sourceTree = "<group>";
		};
		621C972F2B27BC7100073292 /* Extension */ = {
			isa = PBXGroup;
			children = (
				621C97302B27BC8200073292 /* String+Localizable.swift */,
				621C97572B2A636800073292 /* Double+Temperature.swift */,
				621C97592B2A67ED00073292 /* String+Validation.swift */,
			);
			path = Extension;
			sourceTree = "<group>";
		};
		621C97342B27C3F200073292 /* Presentation */ = {
			isa = PBXGroup;
			children = (
				621C97222B2659DD00073292 /* DetailsScreen */,
				621C97212B2659D000073292 /* SearchScreen */,
			);
			path = Presentation;
			sourceTree = "<group>";
		};
		621C97352B27C4AD00073292 /* Networking */ = {
			isa = PBXGroup;
			children = (
				621C97422B28FA0E00073292 /* Model */,
				621C973E2B28F67800073292 /* AccuWeatherEnvironment.swift */,
				621C97362B28EE4D00073292 /* MoyaProvider+Init.swift */,
				621C97382B28F11900073292 /* AccuWeatherService.swift */,
				621C973C2B28F38F00073292 /* AccuWeatherAPI.swift */,
			);
			path = Networking;
			sourceTree = "<group>";
		};
		621C97422B28FA0E00073292 /* Model */ = {
			isa = PBXGroup;
			children = (
				621C97402B28F98900073292 /* SearchModel.swift */,
				621C974A2B29050A00073292 /* City.swift */,
				621C974F2B2A42C000073292 /* CityDetails.swift */,
			);
			path = Model;
			sourceTree = "<group>";
		};
		621C97472B29013300073292 /* Domain */ = {
			isa = PBXGroup;
			children = (
				621C97482B29014300073292 /* AccuWeatherDomainManager.swift */,
			);
			path = Domain;
			sourceTree = "<group>";
		};
		621C974E2B2909C400073292 /* Subviews */ = {
			isa = PBXGroup;
			children = (
				621C974C2B2909C100073292 /* CityTableViewCell.swift */,
			);
			path = Subviews;
			sourceTree = "<group>";
		};
		A574575CD4813497947C7AD1 /* Pods */ = {
			isa = PBXGroup;
			children = (
				EAF187CB648B6DDEEBF63285 /* Pods-Empik Weather.debug.xcconfig */,
				B348DB8AEACD06B3E8304FC4 /* Pods-Empik Weather.release.xcconfig */,
			);
			path = Pods;
			sourceTree = "<group>";
		};
/* End PBXGroup section */

/* Begin PBXNativeTarget section */
		621C97082B26563800073292 /* Empik Weather */ = {
			isa = PBXNativeTarget;
			buildConfigurationList = 621C971D2B26563A00073292 /* Build configuration list for PBXNativeTarget "Empik Weather" */;
			buildPhases = (
				D1F0FC8379478A39E24F9A6F /* [CP] Check Pods Manifest.lock */,
				621C97052B26563800073292 /* Sources */,
				621C97062B26563800073292 /* Frameworks */,
				621C97072B26563800073292 /* Resources */,
				30848B5511C461B337CDCE1F /* [CP] Embed Pods Frameworks */,
			);
			buildRules = (
			);
			dependencies = (
			);
			name = "Empik Weather";
			productName = "Empik Weather";
			productReference = 621C97092B26563800073292 /* Empik Weather.app */;
			productType = "com.apple.product-type.application";
		};
/* End PBXNativeTarget section */

/* Begin PBXProject section */
		621C97012B26563800073292 /* Project object */ = {
			isa = PBXProject;
			attributes = {
				BuildIndependentTargetsInParallel = 1;
				LastSwiftUpdateCheck = 1510;
				LastUpgradeCheck = 1510;
				TargetAttributes = {
					621C97082B26563800073292 = {
						CreatedOnToolsVersion = 15.1;
					};
				};
			};
			buildConfigurationList = 621C97042B26563800073292 /* Build configuration list for PBXProject "Empik Weather" */;
			compatibilityVersion = "Xcode 14.0";
			developmentRegion = en;
			hasScannedForEncodings = 0;
			knownRegions = (
				en,
				Base,
			);
			mainGroup = 621C97002B26563800073292;
			productRefGroup = 621C970A2B26563800073292 /* Products */;
			projectDirPath = "";
			projectRoot = "";
			targets = (
				621C97082B26563800073292 /* Empik Weather */,
			);
		};
/* End PBXProject section */

/* Begin PBXResourcesBuildPhase section */
		621C97072B26563800073292 /* Resources */ = {
			isa = PBXResourcesBuildPhase;
			buildActionMask = 2147483647;
			files = (
				621C97192B26563A00073292 /* LaunchScreen.storyboard in Resources */,
				621C97162B26563A00073292 /* Assets.xcassets in Resources */,
				621C972E2B27BC2E00073292 /* Localizable.xcstrings in Resources */,
			);
			runOnlyForDeploymentPostprocessing = 0;
		};
/* End PBXResourcesBuildPhase section */

/* Begin PBXShellScriptBuildPhase section */
		30848B5511C461B337CDCE1F /* [CP] Embed Pods Frameworks */ = {
			isa = PBXShellScriptBuildPhase;
			buildActionMask = 2147483647;
			files = (
			);
			inputFileListPaths = (
				"${PODS_ROOT}/Target Support Files/Pods-Empik Weather/Pods-Empik Weather-frameworks-${CONFIGURATION}-input-files.xcfilelist",
			);
			name = "[CP] Embed Pods Frameworks";
			outputFileListPaths = (
				"${PODS_ROOT}/Target Support Files/Pods-Empik Weather/Pods-Empik Weather-frameworks-${CONFIGURATION}-output-files.xcfilelist",
			);
			runOnlyForDeploymentPostprocessing = 0;
			shellPath = /bin/sh;
			shellScript = "\"${PODS_ROOT}/Target Support Files/Pods-Empik Weather/Pods-Empik Weather-frameworks.sh\"\n";
			showEnvVarsInLog = 0;
		};
		D1F0FC8379478A39E24F9A6F /* [CP] Check Pods Manifest.lock */ = {
			isa = PBXShellScriptBuildPhase;
			buildActionMask = 2147483647;
			files = (
			);
			inputFileListPaths = (
			);
			inputPaths = (
				"${PODS_PODFILE_DIR_PATH}/Podfile.lock",
				"${PODS_ROOT}/Manifest.lock",
			);
			name = "[CP] Check Pods Manifest.lock";
			outputFileListPaths = (
			);
			outputPaths = (
				"$(DERIVED_FILE_DIR)/Pods-Empik Weather-checkManifestLockResult.txt",
			);
			runOnlyForDeploymentPostprocessing = 0;
			shellPath = /bin/sh;
			shellScript = "diff \"${PODS_PODFILE_DIR_PATH}/Podfile.lock\" \"${PODS_ROOT}/Manifest.lock\" > /dev/null\nif [ $? != 0 ] ; then\n    # print error to STDERR\n    echo \"error: The sandbox is not in sync with the Podfile.lock. Run 'pod install' or update your CocoaPods installation.\" >&2\n    exit 1\nfi\n# This output is used by Xcode 'outputs' to avoid re-running this script phase.\necho \"SUCCESS\" > \"${SCRIPT_OUTPUT_FILE_0}\"\n";
			showEnvVarsInLog = 0;
		};
/* End PBXShellScriptBuildPhase section */

/* Begin PBXSourcesBuildPhase section */
		621C97052B26563800073292 /* Sources */ = {
			isa = PBXSourcesBuildPhase;
			buildActionMask = 2147483647;
			files = (
				621C97292B265B6100073292 /* SearchViewModel.swift in Sources */,
				621C975A2B2A67ED00073292 /* String+Validation.swift in Sources */,
				621C97522B2A486B00073292 /* DetailsView.swift in Sources */,
				621C974D2B2909C100073292 /* CityTableViewCell.swift in Sources */,
				621C97392B28F11900073292 /* AccuWeatherService.swift in Sources */,
				621C97272B265B5800073292 /* SearchView.swift in Sources */,
				621C97372B28EE4D00073292 /* MoyaProvider+Init.swift in Sources */,
				621C97492B29014300073292 /* AccuWeatherDomainManager.swift in Sources */,
				621C972C2B266BD000073292 /* Coordinator.swift in Sources */,
				621C970D2B26563800073292 /* AppDelegate.swift in Sources */,
				621C97412B28F98900073292 /* SearchModel.swift in Sources */,
				621C97562B2A488100073292 /* DetailsViewModel.swift in Sources */,
				621C97252B265B5200073292 /* SearchViewController.swift in Sources */,
				621C973F2B28F67800073292 /* AccuWeatherEnvironment.swift in Sources */,
				621C973D2B28F38F00073292 /* AccuWeatherAPI.swift in Sources */,
				621C97502B2A42C000073292 /* CityDetails.swift in Sources */,
				621C97582B2A636800073292 /* Double+Temperature.swift in Sources */,
				621C970F2B26563800073292 /* SceneDelegate.swift in Sources */,
				621C974B2B29050A00073292 /* City.swift in Sources */,
				621C97312B27BC8200073292 /* String+Localizable.swift in Sources */,
				621C97542B2A487800073292 /* DetailsViewController.swift in Sources */,
			);
			runOnlyForDeploymentPostprocessing = 0;
		};
/* End PBXSourcesBuildPhase section */

/* Begin PBXVariantGroup section */
		621C97172B26563A00073292 /* LaunchScreen.storyboard */ = {
			isa = PBXVariantGroup;
			children = (
				621C97182B26563A00073292 /* Base */,
			);
			name = LaunchScreen.storyboard;
			sourceTree = "<group>";
		};
/* End PBXVariantGroup section */

/* Begin XCBuildConfiguration section */
		621C971B2B26563A00073292 /* Debug */ = {
			isa = XCBuildConfiguration;
			buildSettings = {
				ALWAYS_SEARCH_USER_PATHS = NO;
				ASSETCATALOG_COMPILER_GENERATE_SWIFT_ASSET_SYMBOL_EXTENSIONS = YES;
				CLANG_ANALYZER_NONNULL = YES;
				CLANG_ANALYZER_NUMBER_OBJECT_CONVERSION = YES_AGGRESSIVE;
				CLANG_CXX_LANGUAGE_STANDARD = "gnu++20";
				CLANG_ENABLE_MODULES = YES;
				CLANG_ENABLE_OBJC_ARC = YES;
				CLANG_ENABLE_OBJC_WEAK = YES;
				CLANG_WARN_BLOCK_CAPTURE_AUTORELEASING = YES;
				CLANG_WARN_BOOL_CONVERSION = YES;
				CLANG_WARN_COMMA = YES;
				CLANG_WARN_CONSTANT_CONVERSION = YES;
				CLANG_WARN_DEPRECATED_OBJC_IMPLEMENTATIONS = YES;
				CLANG_WARN_DIRECT_OBJC_ISA_USAGE = YES_ERROR;
				CLANG_WARN_DOCUMENTATION_COMMENTS = YES;
				CLANG_WARN_EMPTY_BODY = YES;
				CLANG_WARN_ENUM_CONVERSION = YES;
				CLANG_WARN_INFINITE_RECURSION = YES;
				CLANG_WARN_INT_CONVERSION = YES;
				CLANG_WARN_NON_LITERAL_NULL_CONVERSION = YES;
				CLANG_WARN_OBJC_IMPLICIT_RETAIN_SELF = YES;
				CLANG_WARN_OBJC_LITERAL_CONVERSION = YES;
				CLANG_WARN_OBJC_ROOT_CLASS = YES_ERROR;
				CLANG_WARN_QUOTED_INCLUDE_IN_FRAMEWORK_HEADER = YES;
				CLANG_WARN_RANGE_LOOP_ANALYSIS = YES;
				CLANG_WARN_STRICT_PROTOTYPES = YES;
				CLANG_WARN_SUSPICIOUS_MOVE = YES;
				CLANG_WARN_UNGUARDED_AVAILABILITY = YES_AGGRESSIVE;
				CLANG_WARN_UNREACHABLE_CODE = YES;
				CLANG_WARN__DUPLICATE_METHOD_MATCH = YES;
				COPY_PHASE_STRIP = NO;
				DEBUG_INFORMATION_FORMAT = dwarf;
				ENABLE_STRICT_OBJC_MSGSEND = YES;
				ENABLE_TESTABILITY = YES;
				ENABLE_USER_SCRIPT_SANDBOXING = NO;
				GCC_C_LANGUAGE_STANDARD = gnu17;
				GCC_DYNAMIC_NO_PIC = NO;
				GCC_NO_COMMON_BLOCKS = YES;
				GCC_OPTIMIZATION_LEVEL = 0;
				GCC_PREPROCESSOR_DEFINITIONS = (
					"DEBUG=1",
					"$(inherited)",
				);
				GCC_WARN_64_TO_32_BIT_CONVERSION = YES;
				GCC_WARN_ABOUT_RETURN_TYPE = YES_ERROR;
				GCC_WARN_UNDECLARED_SELECTOR = YES;
				GCC_WARN_UNINITIALIZED_AUTOS = YES_AGGRESSIVE;
				GCC_WARN_UNUSED_FUNCTION = YES;
				GCC_WARN_UNUSED_VARIABLE = YES;
				IPHONEOS_DEPLOYMENT_TARGET = 17.2;
				LOCALIZATION_PREFERS_STRING_CATALOGS = YES;
				MTL_ENABLE_DEBUG_INFO = INCLUDE_SOURCE;
				MTL_FAST_MATH = YES;
				ONLY_ACTIVE_ARCH = YES;
				SDKROOT = iphoneos;
				SWIFT_ACTIVE_COMPILATION_CONDITIONS = "DEBUG $(inherited)";
				SWIFT_OPTIMIZATION_LEVEL = "-Onone";
			};
			name = Debug;
		};
		621C971C2B26563A00073292 /* Release */ = {
			isa = XCBuildConfiguration;
			buildSettings = {
				ALWAYS_SEARCH_USER_PATHS = NO;
				ASSETCATALOG_COMPILER_GENERATE_SWIFT_ASSET_SYMBOL_EXTENSIONS = YES;
				CLANG_ANALYZER_NONNULL = YES;
				CLANG_ANALYZER_NUMBER_OBJECT_CONVERSION = YES_AGGRESSIVE;
				CLANG_CXX_LANGUAGE_STANDARD = "gnu++20";
				CLANG_ENABLE_MODULES = YES;
				CLANG_ENABLE_OBJC_ARC = YES;
				CLANG_ENABLE_OBJC_WEAK = YES;
				CLANG_WARN_BLOCK_CAPTURE_AUTORELEASING = YES;
				CLANG_WARN_BOOL_CONVERSION = YES;
				CLANG_WARN_COMMA = YES;
				CLANG_WARN_CONSTANT_CONVERSION = YES;
				CLANG_WARN_DEPRECATED_OBJC_IMPLEMENTATIONS = YES;
				CLANG_WARN_DIRECT_OBJC_ISA_USAGE = YES_ERROR;
				CLANG_WARN_DOCUMENTATION_COMMENTS = YES;
				CLANG_WARN_EMPTY_BODY = YES;
				CLANG_WARN_ENUM_CONVERSION = YES;
				CLANG_WARN_INFINITE_RECURSION = YES;
				CLANG_WARN_INT_CONVERSION = YES;
				CLANG_WARN_NON_LITERAL_NULL_CONVERSION = YES;
				CLANG_WARN_OBJC_IMPLICIT_RETAIN_SELF = YES;
				CLANG_WARN_OBJC_LITERAL_CONVERSION = YES;
				CLANG_WARN_OBJC_ROOT_CLASS = YES_ERROR;
				CLANG_WARN_QUOTED_INCLUDE_IN_FRAMEWORK_HEADER = YES;
				CLANG_WARN_RANGE_LOOP_ANALYSIS = YES;
				CLANG_WARN_STRICT_PROTOTYPES = YES;
				CLANG_WARN_SUSPICIOUS_MOVE = YES;
				CLANG_WARN_UNGUARDED_AVAILABILITY = YES_AGGRESSIVE;
				CLANG_WARN_UNREACHABLE_CODE = YES;
				CLANG_WARN__DUPLICATE_METHOD_MATCH = YES;
				COPY_PHASE_STRIP = NO;
				DEBUG_INFORMATION_FORMAT = "dwarf-with-dsym";
				ENABLE_NS_ASSERTIONS = NO;
				ENABLE_STRICT_OBJC_MSGSEND = YES;
				ENABLE_USER_SCRIPT_SANDBOXING = NO;
				GCC_C_LANGUAGE_STANDARD = gnu17;
				GCC_NO_COMMON_BLOCKS = YES;
				GCC_WARN_64_TO_32_BIT_CONVERSION = YES;
				GCC_WARN_ABOUT_RETURN_TYPE = YES_ERROR;
				GCC_WARN_UNDECLARED_SELECTOR = YES;
				GCC_WARN_UNINITIALIZED_AUTOS = YES_AGGRESSIVE;
				GCC_WARN_UNUSED_FUNCTION = YES;
				GCC_WARN_UNUSED_VARIABLE = YES;
				IPHONEOS_DEPLOYMENT_TARGET = 17.2;
				LOCALIZATION_PREFERS_STRING_CATALOGS = YES;
				MTL_ENABLE_DEBUG_INFO = NO;
				MTL_FAST_MATH = YES;
				SDKROOT = iphoneos;
				SWIFT_COMPILATION_MODE = wholemodule;
				VALIDATE_PRODUCT = YES;
			};
			name = Release;
		};
		621C971E2B26563A00073292 /* Debug */ = {
			isa = XCBuildConfiguration;
			baseConfigurationReference = EAF187CB648B6DDEEBF63285 /* Pods-Empik Weather.debug.xcconfig */;
			buildSettings = {
				ASSETCATALOG_COMPILER_APPICON_NAME = AppIcon;
				ASSETCATALOG_COMPILER_GLOBAL_ACCENT_COLOR_NAME = AccentColor;
				CODE_SIGN_STYLE = Automatic;
				CURRENT_PROJECT_VERSION = 1;
				GENERATE_INFOPLIST_FILE = YES;
				INFOPLIST_FILE = "Empik Weather/Info.plist";
				INFOPLIST_KEY_UIApplicationSupportsIndirectInputEvents = YES;
				INFOPLIST_KEY_UILaunchStoryboardName = LaunchScreen;
				INFOPLIST_KEY_UISupportedInterfaceOrientations = UIInterfaceOrientationPortrait;
				IPHONEOS_DEPLOYMENT_TARGET = 13.0;
				LD_RUNPATH_SEARCH_PATHS = (
					"$(inherited)",
					"@executable_path/Frameworks",
				);
				MARKETING_VERSION = 1.0;
				PRODUCT_BUNDLE_IDENTIFIER = "rabieko.Empik-Weather";
				PRODUCT_NAME = "$(TARGET_NAME)";
				SWIFT_EMIT_LOC_STRINGS = YES;
				SWIFT_VERSION = 5.0;
				TARGETED_DEVICE_FAMILY = "1,2";
			};
			name = Debug;
		};
		621C971F2B26563A00073292 /* Release */ = {
			isa = XCBuildConfiguration;
			baseConfigurationReference = B348DB8AEACD06B3E8304FC4 /* Pods-Empik Weather.release.xcconfig */;
			buildSettings = {
				ASSETCATALOG_COMPILER_APPICON_NAME = AppIcon;
				ASSETCATALOG_COMPILER_GLOBAL_ACCENT_COLOR_NAME = AccentColor;
				CODE_SIGN_STYLE = Automatic;
				CURRENT_PROJECT_VERSION = 1;
				GENERATE_INFOPLIST_FILE = YES;
				INFOPLIST_FILE = "Empik Weather/Info.plist";
				INFOPLIST_KEY_UIApplicationSupportsIndirectInputEvents = YES;
				INFOPLIST_KEY_UILaunchStoryboardName = LaunchScreen;
				INFOPLIST_KEY_UISupportedInterfaceOrientations = UIInterfaceOrientationPortrait;
				IPHONEOS_DEPLOYMENT_TARGET = 13.0;
				LD_RUNPATH_SEARCH_PATHS = (
					"$(inherited)",
					"@executable_path/Frameworks",
				);
				MARKETING_VERSION = 1.0;
				PRODUCT_BUNDLE_IDENTIFIER = "rabieko.Empik-Weather";
				PRODUCT_NAME = "$(TARGET_NAME)";
				SWIFT_EMIT_LOC_STRINGS = YES;
				SWIFT_VERSION = 5.0;
				TARGETED_DEVICE_FAMILY = "1,2";
			};
			name = Release;
		};
/* End XCBuildConfiguration section */

/* Begin XCConfigurationList section */
		621C97042B26563800073292 /* Build configuration list for PBXProject "Empik Weather" */ = {
			isa = XCConfigurationList;
			buildConfigurations = (
				621C971B2B26563A00073292 /* Debug */,
				621C971C2B26563A00073292 /* Release */,
			);
			defaultConfigurationIsVisible = 0;
			defaultConfigurationName = Release;
		};
		621C971D2B26563A00073292 /* Build configuration list for PBXNativeTarget "Empik Weather" */ = {
			isa = XCConfigurationList;
			buildConfigurations = (
				621C971E2B26563A00073292 /* Debug */,
				621C971F2B26563A00073292 /* Release */,
			);
			defaultConfigurationIsVisible = 0;
			defaultConfigurationName = Release;
		};
/* End XCConfigurationList section */
	};
	rootObject = 621C97012B26563800073292 /* Project object */;
}
